
Microsoft Visual Studio Solution File, Format Version 12.00
# Visual Studio Version 17
VisualStudioVersion = 17.6.33712.159
MinimumVisualStudioVersion = 10.0.40219.1
Project("{9A19103F-16F7-4668-BE54-9A1E7A4F7556}") = "PracticeManagement.App", "PracticeManagement.ConsoleApp\PracticeManagement.App.csproj", "{5ADCEEBE-2C50-4BBA-AF56-309E09F56FD3}"
EndProject
Project("{9A19103F-16F7-4668-BE54-9A1E7A4F7556}") = "PracticeManagement.Library", "PracticeManagementLibrary\PracticeManagement.Library.csproj", "{74D37E86-93B3-4D98-A917-CD32FCA1018C}"
EndProject
Project("{9A19103F-16F7-4668-BE54-9A1E7A4F7556}") = "PracticeManagement.MAUI", "PracticeManagement.MAUI\PracticeManagement.MAUI.csproj", "{98E29998-2484-4854-82F3-17CD20E0ABA1}"
EndProject
Global
	GlobalSection(SolutionConfigurationPlatforms) = preSolution
		Debug|Any CPU = Debug|Any CPU
		Release|Any CPU = Release|Any CPU
	EndGlobalSection
	GlobalSection(ProjectConfigurationPlatforms) = postSolution
		{5ADCEEBE-2C50-4BBA-AF56-309E09F56FD3}.Debug|Any CPU.ActiveCfg = Debug|Any CPU
		{5ADCEEBE-2C50-4BBA-AF56-309E09F56FD3}.Debug|Any CPU.Build.0 = Debug|Any CPU
		{5ADCEEBE-2C50-4BBA-AF56-309E09F56FD3}.Release|Any CPU.ActiveCfg = Release|Any CPU
		{5ADCEEBE-2C50-4BBA-AF56-309E09F56FD3}.Release|Any CPU.Build.0 = Release|Any CPU
		{74D37E86-93B3-4D98-A917-CD32FCA1018C}.Debug|Any CPU.ActiveCfg = Debug|Any CPU
		{74D37E86-93B3-4D98-A917-CD32FCA1018C}.Debug|Any CPU.Build.0 = Debug|Any CPU
		{74D37E86-93B3-4D98-A917-CD32FCA1018C}.Release|Any CPU.ActiveCfg = Release|Any CPU
		{74D37E86-93B3-4D98-A917-CD32FCA1018C}.Release|Any CPU.Build.0 = Release|Any CPU
		{98E29998-2484-4854-82F3-17CD20E0ABA1}.Debug|Any CPU.ActiveCfg = Debug|Any CPU
		{98E29998-2484-4854-82F3-17CD20E0ABA1}.Debug|Any CPU.Build.0 = Debug|Any CPU
		{98E29998-2484-4854-82F3-17CD20E0ABA1}.Debug|Any CPU.Deploy.0 = Debug|Any CPU
		{98E29998-2484-4854-82F3-17CD20E0ABA1}.Release|Any CPU.ActiveCfg = Release|Any CPU
		{98E29998-2484-4854-82F3-17CD20E0ABA1}.Release|Any CPU.Build.0 = Release|Any CPU
		{98E29998-2484-4854-82F3-17CD20E0ABA1}.Release|Any CPU.Deploy.0 = Release|Any CPU
	EndGlobalSection
	GlobalSection(SolutionProperties) = preSolution
		HideSolutionNode = FALSE
	EndGlobalSection
	GlobalSection(ExtensibilityGlobals) = postSolution
		SolutionGuid = {9D4F6EAA-5502-4B00-9FF2-93D7E95BC6B4}
	EndGlobalSection
EndGlobal
